// !$*UTF8*$!
{
	archiveVersion = 1;
	classes = {
	};
	objectVersion = 46;
	objects = {

/* Begin PBXBuildFile section */
		129BA19218F2BC71007C30F1 /* Foundation.framework in Frameworks */ = {isa = PBXBuildFile; fileRef = 129BA19118F2BC71007C30F1 /* Foundation.framework */; };
		129BA19418F2BC71007C30F1 /* CoreGraphics.framework in Frameworks */ = {isa = PBXBuildFile; fileRef = 129BA19318F2BC71007C30F1 /* CoreGraphics.framework */; };
		129BA19618F2BC71007C30F1 /* UIKit.framework in Frameworks */ = {isa = PBXBuildFile; fileRef = 129BA19518F2BC71007C30F1 /* UIKit.framework */; };
		129BA19C18F2BC71007C30F1 /* InfoPlist.strings in Resources */ = {isa = PBXBuildFile; fileRef = 129BA19A18F2BC71007C30F1 /* InfoPlist.strings */; };
		129BA19E18F2BC71007C30F1 /* main.m in Sources */ = {isa = PBXBuildFile; fileRef = 129BA19D18F2BC71007C30F1 /* main.m */; };
		129BA1A218F2BC71007C30F1 /* AppDelegate.m in Sources */ = {isa = PBXBuildFile; fileRef = 129BA1A118F2BC71007C30F1 /* AppDelegate.m */; };
		129BA1A518F2BC71007C30F1 /* Main_iPhone.storyboard in Resources */ = {isa = PBXBuildFile; fileRef = 129BA1A318F2BC71007C30F1 /* Main_iPhone.storyboard */; };
		129BA1A818F2BC71007C30F1 /* Main_iPad.storyboard in Resources */ = {isa = PBXBuildFile; fileRef = 129BA1A618F2BC71007C30F1 /* Main_iPad.storyboard */; };
		129BA1AB18F2BC71007C30F1 /* FirstViewController.m in Sources */ = {isa = PBXBuildFile; fileRef = 129BA1AA18F2BC71007C30F1 /* FirstViewController.m */; };
		129BA1AE18F2BC71007C30F1 /* SecondViewController.m in Sources */ = {isa = PBXBuildFile; fileRef = 129BA1AD18F2BC71007C30F1 /* SecondViewController.m */; };
		129BA1B018F2BC71007C30F1 /* Images.xcassets in Resources */ = {isa = PBXBuildFile; fileRef = 129BA1AF18F2BC71007C30F1 /* Images.xcassets */; };
		129BA1B718F2BC71007C30F1 /* XCTest.framework in Frameworks */ = {isa = PBXBuildFile; fileRef = 129BA1B618F2BC71007C30F1 /* XCTest.framework */; };
		129BA1B818F2BC71007C30F1 /* Foundation.framework in Frameworks */ = {isa = PBXBuildFile; fileRef = 129BA19118F2BC71007C30F1 /* Foundation.framework */; };
		129BA1B918F2BC71007C30F1 /* UIKit.framework in Frameworks */ = {isa = PBXBuildFile; fileRef = 129BA19518F2BC71007C30F1 /* UIKit.framework */; };
		129BA1C118F2BC71007C30F1 /* InfoPlist.strings in Resources */ = {isa = PBXBuildFile; fileRef = 129BA1BF18F2BC71007C30F1 /* InfoPlist.strings */; };
		129BA1C318F2BC71007C30F1 /* XcodeCalcTests.m in Sources */ = {isa = PBXBuildFile; fileRef = 129BA1C218F2BC71007C30F1 /* XcodeCalcTests.m */; };
/* End PBXBuildFile section */

/* Begin PBXContainerItemProxy section */
		129BA1BA18F2BC71007C30F1 /* PBXContainerItemProxy */ = {
			isa = PBXContainerItemProxy;
			containerPortal = 129BA18618F2BC71007C30F1 /* Project object */;
			proxyType = 1;
			remoteGlobalIDString = 129BA18D18F2BC71007C30F1;
			remoteInfo = XcodeCalc;
		};
/* End PBXContainerItemProxy section */

/* Begin PBXFileReference section */
		129BA18E18F2BC71007C30F1 /* XcodeCalc.app */ = {isa = PBXFileReference; explicitFileType = wrapper.application; includeInIndex = 0; path = XcodeCalc.app; sourceTree = BUILT_PRODUCTS_DIR; };
		129BA19118F2BC71007C30F1 /* Foundation.framework */ = {isa = PBXFileReference; lastKnownFileType = wrapper.framework; name = Foundation.framework; path = System/Library/Frameworks/Foundation.framework; sourceTree = SDKROOT; };
		129BA19318F2BC71007C30F1 /* CoreGraphics.framework */ = {isa = PBXFileReference; lastKnownFileType = wrapper.framework; name = CoreGraphics.framework; path = System/Library/Frameworks/CoreGraphics.framework; sourceTree = SDKROOT; };
		129BA19518F2BC71007C30F1 /* UIKit.framework */ = {isa = PBXFileReference; lastKnownFileType = wrapper.framework; name = UIKit.framework; path = System/Library/Frameworks/UIKit.framework; sourceTree = SDKROOT; };
		129BA19918F2BC71007C30F1 /* XcodeCalc-Info.plist */ = {isa = PBXFileReference; lastKnownFileType = text.plist.xml; path = "XcodeCalc-Info.plist"; sourceTree = "<group>"; };
		129BA19B18F2BC71007C30F1 /* en */ = {isa = PBXFileReference; lastKnownFileType = text.plist.strings; name = en; path = en.lproj/InfoPlist.strings; sourceTree = "<group>"; };
		129BA19D18F2BC71007C30F1 /* main.m */ = {isa = PBXFileReference; lastKnownFileType = sourcecode.c.objc; path = main.m; sourceTree = "<group>"; };
		129BA19F18F2BC71007C30F1 /* XcodeCalc-Prefix.pch */ = {isa = PBXFileReference; lastKnownFileType = sourcecode.c.h; path = "XcodeCalc-Prefix.pch"; sourceTree = "<group>"; };
		129BA1A018F2BC71007C30F1 /* AppDelegate.h */ = {isa = PBXFileReference; lastKnownFileType = sourcecode.c.h; path = AppDelegate.h; sourceTree = "<group>"; };
		129BA1A118F2BC71007C30F1 /* AppDelegate.m */ = {isa = PBXFileReference; lastKnownFileType = sourcecode.c.objc; path = AppDelegate.m; sourceTree = "<group>"; };
		129BA1A418F2BC71007C30F1 /* Base */ = {isa = PBXFileReference; lastKnownFileType = file.storyboard; name = Base; path = Base.lproj/Main_iPhone.storyboard; sourceTree = "<group>"; };
		129BA1A718F2BC71007C30F1 /* Base */ = {isa = PBXFileReference; lastKnownFileType = file.storyboard; name = Base; path = Base.lproj/Main_iPad.storyboard; sourceTree = "<group>"; };
		129BA1A918F2BC71007C30F1 /* FirstViewController.h */ = {isa = PBXFileReference; lastKnownFileType = sourcecode.c.h; path = FirstViewController.h; sourceTree = "<group>"; };
		129BA1AA18F2BC71007C30F1 /* FirstViewController.m */ = {isa = PBXFileReference; lastKnownFileType = sourcecode.c.objc; path = FirstViewController.m; sourceTree = "<group>"; };
		129BA1AC18F2BC71007C30F1 /* SecondViewController.h */ = {isa = PBXFileReference; lastKnownFileType = sourcecode.c.h; path = SecondViewController.h; sourceTree = "<group>"; };
		129BA1AD18F2BC71007C30F1 /* SecondViewController.m */ = {isa = PBXFileReference; lastKnownFileType = sourcecode.c.objc; path = SecondViewController.m; sourceTree = "<group>"; };
		129BA1AF18F2BC71007C30F1 /* Images.xcassets */ = {isa = PBXFileReference; lastKnownFileType = folder.assetcatalog; path = Images.xcassets; sourceTree = "<group>"; };
		129BA1B518F2BC71007C30F1 /* XcodeCalcTests.xctest */ = {isa = PBXFileReference; explicitFileType = wrapper.cfbundle; includeInIndex = 0; path = XcodeCalcTests.xctest; sourceTree = BUILT_PRODUCTS_DIR; };
		129BA1B618F2BC71007C30F1 /* XCTest.framework */ = {isa = PBXFileReference; lastKnownFileType = wrapper.framework; name = XCTest.framework; path = Library/Frameworks/XCTest.framework; sourceTree = DEVELOPER_DIR; };
		129BA1BE18F2BC71007C30F1 /* XcodeCalcTests-Info.plist */ = {isa = PBXFileReference; lastKnownFileType = text.plist.xml; path = "XcodeCalcTests-Info.plist"; sourceTree = "<group>"; };
		129BA1C018F2BC71007C30F1 /* en */ = {isa = PBXFileReference; lastKnownFileType = text.plist.strings; name = en; path = en.lproj/InfoPlist.strings; sourceTree = "<group>"; };
		129BA1C218F2BC71007C30F1 /* XcodeCalcTests.m */ = {isa = PBXFileReference; lastKnownFileType = sourcecode.c.objc; path = XcodeCalcTests.m; sourceTree = "<group>"; };
/* End PBXFileReference section */

/* Begin PBXFrameworksBuildPhase section */
		129BA18B18F2BC71007C30F1 /* Frameworks */ = {
			isa = PBXFrameworksBuildPhase;
			buildActionMask = 2147483647;
			files = (
				129BA19418F2BC71007C30F1 /* CoreGraphics.framework in Frameworks */,
				129BA19618F2BC71007C30F1 /* UIKit.framework in Frameworks */,
				129BA19218F2BC71007C30F1 /* Foundation.framework in Frameworks */,
			);
			runOnlyForDeploymentPostprocessing = 0;
		};
		129BA1B218F2BC71007C30F1 /* Frameworks */ = {
			isa = PBXFrameworksBuildPhase;
			buildActionMask = 2147483647;
			files = (
				129BA1B718F2BC71007C30F1 /* XCTest.framework in Frameworks */,
				129BA1B918F2BC71007C30F1 /* UIKit.framework in Frameworks */,
				129BA1B818F2BC71007C30F1 /* Foundation.framework in Frameworks */,
			);
			runOnlyForDeploymentPostprocessing = 0;
		};
/* End PBXFrameworksBuildPhase section */

/* Begin PBXGroup section */
		129BA18518F2BC71007C30F1 = {
			isa = PBXGroup;
			children = (
				129BA19718F2BC71007C30F1 /* XcodeCalc */,
				129BA1BC18F2BC71007C30F1 /* XcodeCalcTests */,
				129BA19018F2BC71007C30F1 /* Frameworks */,
				129BA18F18F2BC71007C30F1 /* Products */,
			);
			sourceTree = "<group>";
		};
		129BA18F18F2BC71007C30F1 /* Products */ = {
			isa = PBXGroup;
			children = (
				129BA18E18F2BC71007C30F1 /* XcodeCalc.app */,
				129BA1B518F2BC71007C30F1 /* XcodeCalcTests.xctest */,
			);
			name = Products;
			sourceTree = "<group>";
		};
		129BA19018F2BC71007C30F1 /* Frameworks */ = {
			isa = PBXGroup;
			children = (
				129BA19118F2BC71007C30F1 /* Foundation.framework */,
				129BA19318F2BC71007C30F1 /* CoreGraphics.framework */,
				129BA19518F2BC71007C30F1 /* UIKit.framework */,
				129BA1B618F2BC71007C30F1 /* XCTest.framework */,
			);
			name = Frameworks;
			sourceTree = "<group>";
		};
		129BA19718F2BC71007C30F1 /* XcodeCalc */ = {
			isa = PBXGroup;
			children = (
				129BA1A018F2BC71007C30F1 /* AppDelegate.h */,
				129BA1A118F2BC71007C30F1 /* AppDelegate.m */,
				129BA1A318F2BC71007C30F1 /* Main_iPhone.storyboard */,
				129BA1A618F2BC71007C30F1 /* Main_iPad.storyboard */,
				129BA1A918F2BC71007C30F1 /* FirstViewController.h */,
				129BA1AA18F2BC71007C30F1 /* FirstViewController.m */,
				129BA1AC18F2BC71007C30F1 /* SecondViewController.h */,
				129BA1AD18F2BC71007C30F1 /* SecondViewController.m */,
				129BA1AF18F2BC71007C30F1 /* Images.xcassets */,
				129BA19818F2BC71007C30F1 /* Supporting Files */,
			);
			path = XcodeCalc;
			sourceTree = "<group>";
		};
		129BA19818F2BC71007C30F1 /* Supporting Files */ = {
			isa = PBXGroup;
			children = (
				129BA19918F2BC71007C30F1 /* XcodeCalc-Info.plist */,
				129BA19A18F2BC71007C30F1 /* InfoPlist.strings */,
				129BA19D18F2BC71007C30F1 /* main.m */,
				129BA19F18F2BC71007C30F1 /* XcodeCalc-Prefix.pch */,
			);
			name = "Supporting Files";
			sourceTree = "<group>";
		};
		129BA1BC18F2BC71007C30F1 /* XcodeCalcTests */ = {
			isa = PBXGroup;
			children = (
				129BA1C218F2BC71007C30F1 /* XcodeCalcTests.m */,
				129BA1BD18F2BC71007C30F1 /* Supporting Files */,
			);
			path = XcodeCalcTests;
			sourceTree = "<group>";
		};
		129BA1BD18F2BC71007C30F1 /* Supporting Files */ = {
			isa = PBXGroup;
			children = (
				129BA1BE18F2BC71007C30F1 /* XcodeCalcTests-Info.plist */,
				129BA1BF18F2BC71007C30F1 /* InfoPlist.strings */,
			);
			name = "Supporting Files";
			sourceTree = "<group>";
		};
/* End PBXGroup section */

/* Begin PBXNativeTarget section */
		129BA18D18F2BC71007C30F1 /* XcodeCalc */ = {
			isa = PBXNativeTarget;
			buildConfigurationList = 129BA1C618F2BC71007C30F1 /* Build configuration list for PBXNativeTarget "XcodeCalc" */;
			buildPhases = (
				129BA18A18F2BC71007C30F1 /* Sources */,
				129BA18B18F2BC71007C30F1 /* Frameworks */,
				129BA18C18F2BC71007C30F1 /* Resources */,
			);
			buildRules = (
			);
			dependencies = (
			);
			name = XcodeCalc;
			productName = XcodeCalc;
			productReference = 129BA18E18F2BC71007C30F1 /* XcodeCalc.app */;
			productType = "com.apple.product-type.application";
		};
		129BA1B418F2BC71007C30F1 /* XcodeCalcTests */ = {
			isa = PBXNativeTarget;
			buildConfigurationList = 129BA1C918F2BC71007C30F1 /* Build configuration list for PBXNativeTarget "XcodeCalcTests" */;
			buildPhases = (
				129BA1B118F2BC71007C30F1 /* Sources */,
				129BA1B218F2BC71007C30F1 /* Frameworks */,
				129BA1B318F2BC71007C30F1 /* Resources */,
			);
			buildRules = (
			);
			dependencies = (
				129BA1BB18F2BC71007C30F1 /* PBXTargetDependency */,
			);
			name = XcodeCalcTests;
			productName = XcodeCalcTests;
			productReference = 129BA1B518F2BC71007C30F1 /* XcodeCalcTests.xctest */;
			productType = "com.apple.product-type.bundle.unit-test";
		};
/* End PBXNativeTarget section */

/* Begin PBXProject section */
		129BA18618F2BC71007C30F1 /* Project object */ = {
			isa = PBXProject;
			attributes = {
				LastUpgradeCheck = 0510;
				ORGANIZATIONNAME = "Jacob Kratmann Nielsen";
				TargetAttributes = {
					129BA1B418F2BC71007C30F1 = {
						TestTargetID = 129BA18D18F2BC71007C30F1;
					};
				};
			};
			buildConfigurationList = 129BA18918F2BC71007C30F1 /* Build configuration list for PBXProject "XcodeCalc" */;
			compatibilityVersion = "Xcode 3.2";
			developmentRegion = English;
			hasScannedForEncodings = 0;
			knownRegions = (
				en,
				Base,
			);
			mainGroup = 129BA18518F2BC71007C30F1;
			productRefGroup = 129BA18F18F2BC71007C30F1 /* Products */;
			projectDirPath = "";
			projectRoot = "";
			targets = (
				129BA18D18F2BC71007C30F1 /* XcodeCalc */,
				129BA1B418F2BC71007C30F1 /* XcodeCalcTests */,
			);
		};
/* End PBXProject section */

/* Begin PBXResourcesBuildPhase section */
		129BA18C18F2BC71007C30F1 /* Resources */ = {
			isa = PBXResourcesBuildPhase;
			buildActionMask = 2147483647;
			files = (
				129BA1A818F2BC71007C30F1 /* Main_iPad.storyboard in Resources */,
				129BA1B018F2BC71007C30F1 /* Images.xcassets in Resources */,
				129BA1A518F2BC71007C30F1 /* Main_iPhone.storyboard in Resources */,
				129BA19C18F2BC71007C30F1 /* InfoPlist.strings in Resources */,
			);
			runOnlyForDeploymentPostprocessing = 0;
		};
		129BA1B318F2BC71007C30F1 /* Resources */ = {
			isa = PBXResourcesBuildPhase;
			buildActionMask = 2147483647;
			files = (
				129BA1C118F2BC71007C30F1 /* InfoPlist.strings in Resources */,
			);
			runOnlyForDeploymentPostprocessing = 0;
		};
/* End PBXResourcesBuildPhase section */

/* Begin PBXSourcesBuildPhase section */
		129BA18A18F2BC71007C30F1 /* Sources */ = {
			isa = PBXSourcesBuildPhase;
			buildActionMask = 2147483647;
			files = (
				129BA1AE18F2BC71007C30F1 /* SecondViewController.m in Sources */,
				129BA1A218F2BC71007C30F1 /* AppDelegate.m in Sources */,
				129BA1AB18F2BC71007C30F1 /* FirstViewController.m in Sources */,
				129BA19E18F2BC71007C30F1 /* main.m in Sources */,
			);
			runOnlyForDeploymentPostprocessing = 0;
		};
		129BA1B118F2BC71007C30F1 /* Sources */ = {
			isa = PBXSourcesBuildPhase;
			buildActionMask = 2147483647;
			files = (
				129BA1C318F2BC71007C30F1 /* XcodeCalcTests.m in Sources */,
			);
			runOnlyForDeploymentPostprocessing = 0;
		};
/* End PBXSourcesBuildPhase section */

/* Begin PBXTargetDependency section */
		129BA1BB18F2BC71007C30F1 /* PBXTargetDependency */ = {
			isa = PBXTargetDependency;
			target = 129BA18D18F2BC71007C30F1 /* XcodeCalc */;
			targetProxy = 129BA1BA18F2BC71007C30F1 /* PBXContainerItemProxy */;
		};
/* End PBXTargetDependency section */

/* Begin PBXVariantGroup section */
		129BA19A18F2BC71007C30F1 /* InfoPlist.strings */ = {
			isa = PBXVariantGroup;
			children = (
				129BA19B18F2BC71007C30F1 /* en */,
			);
			name = InfoPlist.strings;
			sourceTree = "<group>";
		};
		129BA1A318F2BC71007C30F1 /* Main_iPhone.storyboard */ = {
			isa = PBXVariantGroup;
			children = (
				129BA1A418F2BC71007C30F1 /* Base */,
			);
			name = Main_iPhone.storyboard;
			sourceTree = "<group>";
		};
		129BA1A618F2BC71007C30F1 /* Main_iPad.storyboard */ = {
			isa = PBXVariantGroup;
			children = (
				129BA1A718F2BC71007C30F1 /* Base */,
			);
			name = Main_iPad.storyboard;
			sourceTree = "<group>";
		};
		129BA1BF18F2BC71007C30F1 /* InfoPlist.strings */ = {
			isa = PBXVariantGroup;
			children = (
				129BA1C018F2BC71007C30F1 /* en */,
			);
			name = InfoPlist.strings;
			sourceTree = "<group>";
		};
/* End PBXVariantGroup section */

/* Begin XCBuildConfiguration section */
		129BA1C418F2BC71007C30F1 /* Debug */ = {
			isa = XCBuildConfiguration;
			buildSettings = {
				ALWAYS_SEARCH_USER_PATHS = NO;
				CLANG_CXX_LANGUAGE_STANDARD = "gnu++0x";
				CLANG_CXX_LIBRARY = "libc++";
				CLANG_ENABLE_MODULES = YES;
				CLANG_ENABLE_OBJC_ARC = YES;
				CLANG_WARN_BOOL_CONVERSION = YES;
				CLANG_WARN_CONSTANT_CONVERSION = YES;
				CLANG_WARN_DIRECT_OBJC_ISA_USAGE = YES_ERROR;
				CLANG_WARN_EMPTY_BODY = YES;
				CLANG_WARN_ENUM_CONVERSION = YES;
				CLANG_WARN_INT_CONVERSION = YES;
				CLANG_WARN_OBJC_ROOT_CLASS = YES_ERROR;
				CLANG_WARN__DUPLICATE_METHOD_MATCH = YES;
				"CODE_SIGN_IDENTITY[sdk=iphoneos*]" = "iPhone Developer";
				COPY_PHASE_STRIP = NO;
				GCC_C_LANGUAGE_STANDARD = gnu99;
				GCC_DYNAMIC_NO_PIC = NO;
				GCC_OPTIMIZATION_LEVEL = 0;
				GCC_PREPROCESSOR_DEFINITIONS = (
					"DEBUG=1",
					"$(inherited)",
				);
				GCC_SYMBOLS_PRIVATE_EXTERN = NO;
				GCC_WARN_64_TO_32_BIT_CONVERSION = YES;
				GCC_WARN_ABOUT_RETURN_TYPE = YES_ERROR;
				GCC_WARN_UNDECLARED_SELECTOR = YES;
				GCC_WARN_UNINITIALIZED_AUTOS = YES_AGGRESSIVE;
				GCC_WARN_UNUSED_FUNCTION = YES;
				GCC_WARN_UNUSED_VARIABLE = YES;
				IPHONEOS_DEPLOYMENT_TARGET = 7.1;
				ONLY_ACTIVE_ARCH = YES;
				SDKROOT = iphoneos;
				TARGETED_DEVICE_FAMILY = "1,2";
			};
			name = Debug;
		};
		129BA1C518F2BC71007C30F1 /* Release */ = {
			isa = XCBuildConfiguration;
			buildSettings = {
				ALWAYS_SEARCH_USER_PATHS = NO;
				CLANG_CXX_LANGUAGE_STANDARD = "gnu++0x";
				CLANG_CXX_LIBRARY = "libc++";
				CLANG_ENABLE_MODULES = YES;
				CLANG_ENABLE_OBJC_ARC = YES;
				CLANG_WARN_BOOL_CONVERSION = YES;
				CLANG_WARN_CONSTANT_CONVERSION = YES;
				CLANG_WARN_DIRECT_OBJC_ISA_USAGE = YES_ERROR;
				CLANG_WARN_EMPTY_BODY = YES;
				CLANG_WARN_ENUM_CONVERSION = YES;
				CLANG_WARN_INT_CONVERSION = YES;
				CLANG_WARN_OBJC_ROOT_CLASS = YES_ERROR;
				CLANG_WARN__DUPLICATE_METHOD_MATCH = YES;
				"CODE_SIGN_IDENTITY[sdk=iphoneos*]" = "iPhone Developer";
				COPY_PHASE_STRIP = YES;
				ENABLE_NS_ASSERTIONS = NO;
				GCC_C_LANGUAGE_STANDARD = gnu99;
				GCC_WARN_64_TO_32_BIT_CONVERSION = YES;
				GCC_WARN_ABOUT_RETURN_TYPE = YES_ERROR;
				GCC_WARN_UNDECLARED_SELECTOR = YES;
				GCC_WARN_UNINITIALIZED_AUTOS = YES_AGGRESSIVE;
				GCC_WARN_UNUSED_FUNCTION = YES;
				GCC_WARN_UNUSED_VARIABLE = YES;
				IPHONEOS_DEPLOYMENT_TARGET = 7.1;
				SDKROOT = iphoneos;
				TARGETED_DEVICE_FAMILY = "1,2";
				VALIDATE_PRODUCT = YES;
			};
			name = Release;
		};
		129BA1C718F2BC71007C30F1 /* Debug */ = {
			isa = XCBuildConfiguration;
			buildSettings = {
				ASSETCATALOG_COMPILER_APPICON_NAME = AppIcon;
				ASSETCATALOG_COMPILER_LAUNCHIMAGE_NAME = LaunchImage;
				GCC_PRECOMPILE_PREFIX_HEADER = YES;
				GCC_PREFIX_HEADER = "XcodeCalc/XcodeCalc-Prefix.pch";
				INFOPLIST_FILE = "XcodeCalc/XcodeCalc-Info.plist";
				PRODUCT_NAME = "$(TARGET_NAME)";
				WRAPPER_EXTENSION = app;
			};
			name = Debug;
		};
		129BA1C818F2BC71007C30F1 /* Release */ = {
			isa = XCBuildConfiguration;
			buildSettings = {
				ASSETCATALOG_COMPILER_APPICON_NAME = AppIcon;
				ASSETCATALOG_COMPILER_LAUNCHIMAGE_NAME = LaunchImage;
				GCC_PRECOMPILE_PREFIX_HEADER = YES;
				GCC_PREFIX_HEADER = "XcodeCalc/XcodeCalc-Prefix.pch";
				INFOPLIST_FILE = "XcodeCalc/XcodeCalc-Info.plist";
				PRODUCT_NAME = "$(TARGET_NAME)";
				WRAPPER_EXTENSION = app;
			};
			name = Release;
		};
		129BA1CA18F2BC71007C30F1 /* Debug */ = {
			isa = XCBuildConfiguration;
			buildSettings = {
				BUNDLE_LOADER = "$(BUILT_PRODUCTS_DIR)/XcodeCalc.app/XcodeCalc";
				FRAMEWORK_SEARCH_PATHS = (
					"$(SDKROOT)/Developer/Library/Frameworks",
					"$(inherited)",
					"$(DEVELOPER_FRAMEWORKS_DIR)",
				);
				GCC_PRECOMPILE_PREFIX_HEADER = YES;
				GCC_PREFIX_HEADER = "XcodeCalc/XcodeCalc-Prefix.pch";
				GCC_PREPROCESSOR_DEFINITIONS = (
					"DEBUG=1",
					"$(inherited)",
				);
				INFOPLIST_FILE = "XcodeCalcTests/XcodeCalcTests-Info.plist";
				PRODUCT_NAME = "$(TARGET_NAME)";
				TEST_HOST = "$(BUNDLE_LOADER)";
				WRAPPER_EXTENSION = xctest;
			};
			name = Debug;
		};
		129BA1CB18F2BC71007C30F1 /* Release */ = {
			isa = XCBuildConfiguration;
			buildSettings = {
				BUNDLE_LOADER = "$(BUILT_PRODUCTS_DIR)/XcodeCalc.app/XcodeCalc";
				FRAMEWORK_SEARCH_PATHS = (
					"$(SDKROOT)/Developer/Library/Frameworks",
					"$(inherited)",
					"$(DEVELOPER_FRAMEWORKS_DIR)",
				);
				GCC_PRECOMPILE_PREFIX_HEADER = YES;
				GCC_PREFIX_HEADER = "XcodeCalc/XcodeCalc-Prefix.pch";
				INFOPLIST_FILE = "XcodeCalcTests/XcodeCalcTests-Info.plist";
				PRODUCT_NAME = "$(TARGET_NAME)";
				TEST_HOST = "$(BUNDLE_LOADER)";
				WRAPPER_EXTENSION = xctest;
			};
			name = Release;
		};
/* End XCBuildConfiguration section */

/* Begin XCConfigurationList section */
		129BA18918F2BC71007C30F1 /* Build configuration list for PBXProject "XcodeCalc" */ = {
			isa = XCConfigurationList;
			buildConfigurations = (
				129BA1C418F2BC71007C30F1 /* Debug */,
				129BA1C518F2BC71007C30F1 /* Release */,
			);
			defaultConfigurationIsVisible = 0;
			defaultConfigurationName = Release;
		};
		129BA1C618F2BC71007C30F1 /* Build configuration list for PBXNativeTarget "XcodeCalc" */ = {
			isa = XCConfigurationList;
			buildConfigurations = (
				129BA1C718F2BC71007C30F1 /* Debug */,
				129BA1C818F2BC71007C30F1 /* Release */,
			);
			defaultConfigurationIsVisible = 0;
		};
		129BA1C918F2BC71007C30F1 /* Build configuration list for PBXNativeTarget "XcodeCalcTests" */ = {
			isa = XCConfigurationList;
			buildConfigurations = (
				129BA1CA18F2BC71007C30F1 /* Debug */,
				129BA1CB18F2BC71007C30F1 /* Release */,
			);
			defaultConfigurationIsVisible = 0;
		};
/* End XCConfigurationList section */
	};
	rootObject = 129BA18618F2BC71007C30F1 /* Project object */;
}
